
Microsoft Visual Studio Solution File, Format Version 12.00
# Visual Studio Version 17
VisualStudioVersion = 17.14.37301.10 d17.14
MinimumVisualStudioVersion = 10.0.40219.1
Project("{FAE04EC0-301F-11D3-BF4B-00C04F79EFBC}") = "MedicalCardSystem", "MedicalCardSystem\MedicalCardSystem.csproj", "{60BF846A-C59F-428F-9DB0-5B2199822893}"
EndProject
Global
	GlobalSection(SolutionConfigurationPlatforms) = preSolution
		Debug|Any CPU = Debug|Any CPU
		Release|Any CPU = Release|Any CPU
	EndGlobalSection
	GlobalSection(ProjectConfigurationPlatforms) = postSolution
		{60BF846A-C59F-428F-9DB0-5B2199822893}.Debug|Any CPU.ActiveCfg = Debug|Any CPU
		{60BF846A-C59F-428F-9DB0-5B2199822893}.Debug|Any CPU.Build.0 = Debug|Any CPU
		{60BF846A-C59F-428F-9DB0-5B2199822893}.Release|Any CPU.ActiveCfg = Release|Any CPU
		{60BF846A-C59F-428F-9DB0-5B2199822893}.Release|Any CPU.Build.0 = Release|Any CPU
	EndGlobalSection
	GlobalSection(SolutionProperties) = preSolution
		HideSolutionNode = FALSE
	EndGlobalSection
	GlobalSection(ExtensibilityGlobals) = postSolution
		SolutionGuid = {CB20C324-AE9D-4D6C-A05C-28668AAF58CA}
	EndGlobalSection
EndGlobal
